
Microsoft Visual Studio Solution File, Format Version 12.00
# Visual Studio Version 17
VisualStudioVersion = 17.11.35219.272
MinimumVisualStudioVersion = 10.0.40219.1
Project("{FAE04EC0-301F-11D3-BF4B-00C04F79EFBC}") = "A01", "A01\A01.csproj", "{D40E5E15-49AC-44D4-8317-207C93069E7D}"
EndProject
Global
	GlobalSection(SolutionConfigurationPlatforms) = preSolution
		Debug|Any CPU = Debug|Any CPU
		Release|Any CPU = Release|Any CPU
	EndGlobalSection
	GlobalSection(ProjectConfigurationPlatforms) = postSolution
		{D40E5E15-49AC-44D4-8317-207C93069E7D}.Debug|Any CPU.ActiveCfg = Debug|Any CPU
		{D40E5E15-49AC-44D4-8317-207C93069E7D}.Debug|Any CPU.Build.0 = Debug|Any CPU
		{D40E5E15-49AC-44D4-8317-207C93069E7D}.Release|Any CPU.ActiveCfg = Release|Any CPU
		{D40E5E15-49AC-44D4-8317-207C93069E7D}.Release|Any CPU.Build.0 = Release|Any CPU
	EndGlobalSection
	GlobalSection(SolutionProperties) = preSolution
		HideSolutionNode = FALSE
	EndGlobalSection
	GlobalSection(ExtensibilityGlobals) = postSolution
		SolutionGuid = {5F625968-C897-47B7-8228-530C095DB5A3}
	EndGlobalSection
EndGlobal
